{
  "name": "notificar-series",
  "version": "1.0.0",
  "lockfileVersion": 1,
  "requires": true,
  "dependencies": {
    "axios": {
      "version": "0.21.1",
      "resolved": "http://registry.nexus.azi.srv.br/repository/npm-group/axios/-/axios-0.21.1.tgz",
      "integrity": "sha1-IlY0gZYvTWvemnbVFu8OXTwJsrg=",
      "requires": {
        "follow-redirects": "^1.10.0"
      }
    },
    "bootstrap": {
      "version": "5.0.2",
      "resolved": "http://registry.nexus.azi.srv.br/repository/npm-group/bootstrap/-/bootstrap-5.0.2.tgz",
      "integrity": "sha1-r/I9Xg4DwxJVrUN1MO5lVueOco4="
    },
    "follow-redirects": {
      "version": "1.14.1",
      "resolved": "http://registry.nexus.azi.srv.br/repository/npm-group/follow-redirects/-/follow-redirects-1.14.1.tgz",
      "integrity": "sha1-2RFN7Qoc/dM04WTmZirQK/2R/0M="
    },
    "requirejs": {
      "version": "2.3.6",
      "resolved": "http://registry.nexus.azi.srv.br/repository/npm-group/requirejs/-/requirejs-2.3.6.tgz",
      "integrity": "sha512-ipEzlWQe6RK3jkzikgCupiTbTvm4S0/CAU5GlgptkN5SO6F3u0UD0K18wy6ErDqiCyP4J4YYe1HuAShvsxePLg=="
    },
    "vue": {
      "version": "2.6.14",
      "resolved": "http://registry.nexus.azi.srv.br/repository/npm-group/vue/-/vue-2.6.14.tgz",
      "integrity": "sha1-5RqlJQJQ1Wmj+606ilpofWA24jU="
    }
  }
}
